# THIS IS AN AUTOGENERATED FILE. DO NOT EDIT THIS FILE DIRECTLY.
# yarn lockfile v1


"@stimulus/core@^1.1.0":
  version "1.1.0"
  resolved "https://registry.yarnpkg.com/@stimulus/core/-/core-1.1.0.tgz#0fe7f5bf555aa2a31b4576f2b3389fd192a27138"
  dependencies:
    "@stimulus/mutation-observers" "^1.1.0"

"@stimulus/multimap@^1.1.0":
  version "1.1.0"
  resolved "https://registry.yarnpkg.com/@stimulus/multimap/-/multimap-1.1.0.tgz#f373ff72feab4218b2a9ae00866acc47d5032f5e"

"@stimulus/mutation-observers@^1.1.0":
  version "1.1.0"
  resolved "https://registry.yarnpkg.com/@stimulus/mutation-observers/-/mutation-observers-1.1.0.tgz#8744d8b37302baeffcdd9123021c55084fb82beb"
  dependencies:
    "@stimulus/multimap" "^1.1.0"

"@stimulus/webpack-helpers@^1.1.0":
  version "1.1.0"
  resolved "https://registry.yarnpkg.com/@stimulus/webpack-helpers/-/webpack-helpers-1.1.0.tgz#17f00ea6eaa38b490ba84fec6f6c436c604a4a85"

stimulus@^1.1.0:
  version "1.1.0"
  resolved "https://registry.yarnpkg.com/stimulus/-/stimulus-1.1.0.tgz#d313e59bc0085eec5e072a401e0fb2c5fb0a0301"
  dependencies:
    "@stimulus/core" "^1.1.0"
    "@stimulus/webpack-helpers" "^1.1.0"
